
Microsoft Visual Studio Solution File, Format Version 12.00
# Visual Studio 15
VisualStudioVersion = 15.0.28010.2050
MinimumVisualStudioVersion = 10.0.40219.1
Project("{FAE04EC0-301F-11D3-BF4B-00C04F79EFBC}") = "CSCProject", "CSCProject\CSCProject.csproj", "{7704681C-205F-41FD-AEEF-497BE800262F}"
EndProject
Global
	GlobalSection(SolutionConfigurationPlatforms) = preSolution
		Debug|Any CPU = Debug|Any CPU
		Release|Any CPU = Release|Any CPU
	EndGlobalSection
	GlobalSection(ProjectConfigurationPlatforms) = postSolution
		{7704681C-205F-41FD-AEEF-497BE800262F}.Debug|Any CPU.ActiveCfg = Debug|Any CPU
		{7704681C-205F-41FD-AEEF-497BE800262F}.Debug|Any CPU.Build.0 = Debug|Any CPU
		{7704681C-205F-41FD-AEEF-497BE800262F}.Release|Any CPU.ActiveCfg = Release|Any CPU
		{7704681C-205F-41FD-AEEF-497BE800262F}.Release|Any CPU.Build.0 = Release|Any CPU
	EndGlobalSection
	GlobalSection(SolutionProperties) = preSolution
		HideSolutionNode = FALSE
	EndGlobalSection
	GlobalSection(ExtensibilityGlobals) = postSolution
		SolutionGuid = {C05EA4C1-54EC-4D3C-B145-B943F2B0603D}
	EndGlobalSection
EndGlobal
